
Microsoft Visual Studio Solution File, Format Version 12.00
# Visual Studio Version 17
VisualStudioVersion = 17.7.34031.279
MinimumVisualStudioVersion = 10.0.40219.1
Project("{FAE04EC0-301F-11D3-BF4B-00C04F79EFBC}") = "TryParseExempel", "TryParseExempel.csproj", "{39AB393E-1AEA-4DE6-87BC-667A3A00642C}"
EndProject
Global
	GlobalSection(SolutionConfigurationPlatforms) = preSolution
		Debug|Any CPU = Debug|Any CPU
		Release|Any CPU = Release|Any CPU
	EndGlobalSection
	GlobalSection(ProjectConfigurationPlatforms) = postSolution
		{39AB393E-1AEA-4DE6-87BC-667A3A00642C}.Debug|Any CPU.ActiveCfg = Debug|Any CPU
		{39AB393E-1AEA-4DE6-87BC-667A3A00642C}.Debug|Any CPU.Build.0 = Debug|Any CPU
		{39AB393E-1AEA-4DE6-87BC-667A3A00642C}.Release|Any CPU.ActiveCfg = Release|Any CPU
		{39AB393E-1AEA-4DE6-87BC-667A3A00642C}.Release|Any CPU.Build.0 = Release|Any CPU
	EndGlobalSection
	GlobalSection(SolutionProperties) = preSolution
		HideSolutionNode = FALSE
	EndGlobalSection
	GlobalSection(ExtensibilityGlobals) = postSolution
		SolutionGuid = {CF79062B-2370-43D4-B375-23CD9A32C38D}
	EndGlobalSection
EndGlobal
